{
  "version": "5",
  "specifiers": {
    "npm:ollama@~0.6.3": "0.6.3"
  },
  "npm": {
    "ollama@0.6.3": {
      "integrity": "sha512-KEWEhIqE5wtfzEIZbDCLH51VFZ6Z3ZSa6sIOg/E/tBV8S51flyqBOXi+bRxlOYKDf8i327zG9eSTb8IJxvm3Zg==",
      "dependencies": [
        "whatwg-fetch"
      ]
    },
    "whatwg-fetch@3.6.20": {
      "integrity": "sha512-EqhiFU6daOA8kpjOWTL0olhVOF3i7OrFzSYiGsEMB8GcXS+RrzauAERX65xMeNWVqxA6HXH2m69Z9LaKKdisfg=="
    }
  },
  "workspace": {
    "dependencies": [
      "npm:ollama@~0.6.3"
    ]
  }
}
